{
  "name": "try-playwright",
  "version": "1.0.0",
  "lockfileVersion": 2,
  "requires": true,
  "packages": {
    "": {
      "name": "try-playwright",
      "version": "1.0.0",
      "devDependencies": {
        "@flakiness/playwright": "^2.0.2",
        "@playwright/test": "1.64.0-alpha-2026-09-10"
      }
    },
    "node_modules/@flakiness/playwright": {
      "version": "2.0.2",
      "resolved": "https://registry.npmjs.org/@flakiness/playwright/-/playwright-2.0.2.tgz",
      "integrity": "sha512-HYcItgyZQ10UwpCPdePZgxK6gP0ow26oQfqrH4vAJtmXrmsB9NP3yfY7D/5X0DkKAlR86QWX94Ql2nIsO5V+xQ==",
      "dev": true,
      "license": "MIT",
      "bin": {
        "flakiness-playwright-timings": "lib/flakiness-playwright-timings.js"
      },
      "engines": {
        "node": "^20.17.0 || >=22.9.0"
      }
    },
    "node_modules/@playwright/test": {
      "version": "1.64.0-alpha-2026-09-10",
      "resolved": "https://registry.npmjs.org/@playwright/test/-/test-1.64.0-alpha-2026-09-10.tgz",
      "integrity": "sha512-Fc60HKJD5vOmIlQOjfuedzUGul4hwziBq1Z4jZzmBWZn5NgJE0SvO/SDltM5OwY6RFmT4fz1v12c2CnnVSlXSA==",
      "dev": true,
      "license": "Apache-2.0",
      "dependencies": {
        "playwright": "1.64.0-alpha-2026-09-10"
      },
      "bin": {
        "playwright": "cli.js"
      },
      "engines": {
        "node": ">=20"
      }
    },
    "node_modules/playwright": {
      "version": "1.64.0-alpha-2026-09-10",
      "resolved": "https://registry.npmjs.org/playwright/-/playwright-1.64.0-alpha-2026-09-10.tgz",
      "integrity": "sha512-Dz6xZ+orbUQsvYJBipASusFrlck/jA97Fzt3ILMnKkqsYuwp7x9h4SaQMmf6fSUsNOQBweSCtJ4lTLP0+KF9zg==",
      "dev": true,
      "license": "Apache-2.0",
      "dependencies": {
        "playwright-core": "1.64.0-alpha-2026-09-10"
      },
      "bin": {
        "playwright": "cli.js"
      },
      "engines": {
        "node": ">=20"
      }
    },
    "node_modules/playwright-core": {
      "version": "1.64.0-alpha-2026-09-10",
      "resolved": "https://registry.npmjs.org/playwright-core/-/playwright-core-1.64.0-alpha-2026-09-10.tgz",
      "integrity": "sha512-1O63aqtsol6hT7Zvb5DI08ykij9UnHO3yYGlNfe+p2W/719FUAIu5j8xnn6fMP7IWoRszyKAmeCuc5PQgLD49A==",
      "dev": true,
      "license": "Apache-2.0",
      "bin": {
        "playwright-core": "cli.js"
      },
      "engines": {
        "node": ">=20"
      }
    }
  },
  "dependencies": {
    "@flakiness/playwright": {
      "version": "2.0.2",
      "resolved": "https://registry.npmjs.org/@flakiness/playwright/-/playwright-2.0.2.tgz",
      "integrity": "sha512-HYcItgyZQ10UwpCPdePZgxK6gP0ow26oQfqrH4vAJtmXrmsB9NP3yfY7D/5X0DkKAlR86QWX94Ql2nIsO5V+xQ==",
      "dev": true
    },
    "@playwright/test": {
      "version": "1.64.0-alpha-2026-09-10",
      "resolved": "https://registry.npmjs.org/@playwright/test/-/test-1.64.0-alpha-2026-09-10.tgz",
      "integrity": "sha512-Fc60HKJD5vOmIlQOjfuedzUGul4hwziBq1Z4jZzmBWZn5NgJE0SvO/SDltM5OwY6RFmT4fz1v12c2CnnVSlXSA==",
      "dev": true,
      "requires": {
        "playwright": "1.64.0-alpha-2026-09-10"
      }
    },
    "playwright": {
      "version": "1.64.0-alpha-2026-09-10",
      "resolved": "https://registry.npmjs.org/playwright/-/playwright-1.64.0-alpha-2026-09-10.tgz",
      "integrity": "sha512-Dz6xZ+orbUQsvYJBipASusFrlck/jA97Fzt3ILMnKkqsYuwp7x9h4SaQMmf6fSUsNOQBweSCtJ4lTLP0+KF9zg==",
      "dev": true,
      "requires": {
        "playwright-core": "1.64.0-alpha-2026-09-10"
      }
    },
    "playwright-core": {
      "version": "1.64.0-alpha-2026-09-10",
      "resolved": "https://registry.npmjs.org/playwright-core/-/playwright-core-1.64.0-alpha-2026-09-10.tgz",
      "integrity": "sha512-1O63aqtsol6hT7Zvb5DI08ykij9UnHO3yYGlNfe+p2W/719FUAIu5j8xnn6fMP7IWoRszyKAmeCuc5PQgLD49A==",
      "dev": true
    }
  }
}
