{
  "name": "try-playwright",
  "version": "1.0.0",
  "lockfileVersion": 2,
  "requires": true,
  "packages": {
    "": {
      "name": "try-playwright",
      "version": "1.0.0",
      "devDependencies": {
        "@playwright/test": "^1.24.0"
      }
    },
    "node_modules/@playwright/test": {
      "version": "1.24.0",
      "resolved": "https://registry.npmjs.org/@playwright/test/-/test-1.24.0.tgz",
      "integrity": "sha512-sZLH2N6aWN9TtG+vMjNSomSfX0dSVHwWE+GhHQPV+ZeGcuZ/6CgMCGFuGjobgq/hNF9ZkuVOjeyoceZ0owKnHQ==",
      "dev": true,
      "dependencies": {
        "@types/node": "*",
        "playwright-core": "1.24.0"
      },
      "bin": {
        "playwright": "cli.js"
      },
      "engines": {
        "node": ">=14"
      }
    },
    "node_modules/@types/node": {
      "version": "17.0.38",
      "resolved": "https://registry.npmjs.org/@types/node/-/node-17.0.38.tgz",
      "integrity": "sha512-5jY9RhV7c0Z4Jy09G+NIDTsCZ5G0L5n+Z+p+Y7t5VJHM30bgwzSjVtlcBxqAj+6L/swIlvtOSzr8rBk/aNyV2g==",
      "dev": true
    },
    "node_modules/playwright-core": {
      "version": "1.24.0",
      "resolved": "https://registry.npmjs.org/playwright-core/-/playwright-core-1.24.0.tgz",
      "integrity": "sha512-BkDWdVsoEEC8m2glQlfNu1EN2qvjBsLIg5bD0wjrfwv9zVHktIsp80yYFObAcWreLNYhfRP4PlXE04lr5R4DFQ==",
      "dev": true,
      "bin": {
        "playwright": "cli.js"
      },
      "engines": {
        "node": ">=14"
      }
    }
  },
  "dependencies": {
    "@playwright/test": {
      "version": "1.24.0",
      "resolved": "https://registry.npmjs.org/@playwright/test/-/test-1.24.0.tgz",
      "integrity": "sha512-sZLH2N6aWN9TtG+vMjNSomSfX0dSVHwWE+GhHQPV+ZeGcuZ/6CgMCGFuGjobgq/hNF9ZkuVOjeyoceZ0owKnHQ==",
      "dev": true,
      "requires": {
        "@types/node": "*",
        "playwright-core": "1.24.0"
      }
    },
    "@types/node": {
      "version": "17.0.38",
      "resolved": "https://registry.npmjs.org/@types/node/-/node-17.0.38.tgz",
      "integrity": "sha512-5jY9RhV7c0Z4Jy09G+NIDTsCZ5G0L5n+Z+p+Y7t5VJHM30bgwzSjVtlcBxqAj+6L/swIlvtOSzr8rBk/aNyV2g==",
      "dev": true
    },
    "playwright-core": {
      "version": "1.24.0",
      "resolved": "https://registry.npmjs.org/playwright-core/-/playwright-core-1.24.0.tgz",
      "integrity": "sha512-BkDWdVsoEEC8m2glQlfNu1EN2qvjBsLIg5bD0wjrfwv9zVHktIsp80yYFObAcWreLNYhfRP4PlXE04lr5R4DFQ==",
      "dev": true
    }
  }
}
